{
  "version": 4,
  "terraform_version": "1.3.9",
  "serial": 298,
  "lineage": "744ee1d2-e6e6-2ea1-6f13-51bbf2579b81",
  "outputs": {
    "more_pet_names1_files": {
      "value": [
        "iA_pet1.txt",
        "iA_pet2.txt"
      ],
      "type": [
        "tuple",
        [
          "string",
          "string"
        ]
      ]
    },
    "pet_name": {
      "value": [
        "comic-cheetah",
        "cunning-whale"
      ],
      "type": [
        "tuple",
        [
          "string",
          "string"
        ]
      ]
    }
  },
  "resources": [
    {
      "mode": "data",
      "type": "github_repository_file",
      "name": "foo",
      "provider": "provider[\"registry.terraform.io/integrations/github\"]",
      "instances": [
        {
          "schema_version": 0,
          "attributes": {
            "branch": "main",
            "commit_author": "Thomas Hopkins",
            "commit_email": "hopkinsth@gmail.com",
            "commit_message": "Add really_first.txt",
            "commit_sha": "1228f9e1b26303371098bff010e114c5c50859b1",
            "content": "this is a file.",
            "file": "really_first.txt",
            "id": "tf-demo-march-3-2023/really_first.txt",
            "repository": "tf-demo-march-3-2023",
            "sha": "83057634d048aabf1adedbaaa0b169fb1d538ea0"
          },
          "sensitive_attributes": []
        }
      ]
    },
    {
      "mode": "managed",
      "type": "github_repository",
      "name": "demo",
      "provider": "provider[\"registry.terraform.io/integrations/github\"]",
      "instances": [
        {
          "schema_version": 1,
          "attributes": {
            "allow_auto_merge": false,
            "allow_merge_commit": true,
            "allow_rebase_merge": true,
            "allow_squash_merge": true,
            "allow_update_branch": false,
            "archive_on_destroy": null,
            "archived": false,
            "auto_init": null,
            "default_branch": "main",
            "delete_branch_on_merge": false,
            "description": "isn't this cool.",
            "etag": "W/\"8d3c15dbe8fc1885f80a73d111e813129bdc5d164fcad5b8ff24182f57e7f684\"",
            "full_name": "hopkinsth/tf-demo-march-3-2023",
            "git_clone_url": "git://github.com/hopkinsth/tf-demo-march-3-2023.git",
            "gitignore_template": null,
            "has_discussions": false,
            "has_downloads": false,
            "has_issues": false,
            "has_projects": false,
            "has_wiki": false,
            "homepage_url": "",
            "html_url": "https://github.com/hopkinsth/tf-demo-march-3-2023",
            "http_clone_url": "https://github.com/hopkinsth/tf-demo-march-3-2023.git",
            "id": "tf-demo-march-3-2023",
            "ignore_vulnerability_alerts_during_read": null,
            "is_template": false,
            "license_template": null,
            "merge_commit_message": "PR_TITLE",
            "merge_commit_title": "MERGE_MESSAGE",
            "name": "tf-demo-march-3-2023",
            "node_id": "R_kgDOJFC-_Q",
            "pages": [],
            "private": false,
            "repo_id": 609271549,
            "security_and_analysis": [
              {
                "advanced_security": [],
                "secret_scanning": [
                  {
                    "status": "disabled"
                  }
                ],
                "secret_scanning_push_protection": [
                  {
                    "status": "disabled"
                  }
                ]
              }
            ],
            "squash_merge_commit_message": "COMMIT_MESSAGES",
            "squash_merge_commit_title": "COMMIT_OR_PR_TITLE",
            "ssh_clone_url": "git@github.com:hopkinsth/tf-demo-march-3-2023.git",
            "svn_url": "https://github.com/hopkinsth/tf-demo-march-3-2023",
            "template": [],
            "topics": [],
            "visibility": "public",
            "vulnerability_alerts": false
          },
          "sensitive_attributes": [],
          "private": "eyJzY2hlbWFfdmVyc2lvbiI6IjEifQ=="
        }
      ]
    },
    {
      "mode": "managed",
      "type": "github_repository_file",
      "name": "first",
      "provider": "provider[\"registry.terraform.io/integrations/github\"]",
      "instances": [
        {
          "schema_version": 0,
          "attributes": {
            "branch": "main",
            "commit_author": null,
            "commit_email": null,
            "commit_message": "Add really_first.txt",
            "commit_sha": "1228f9e1b26303371098bff010e114c5c50859b1",
            "content": "this is a file.",
            "file": "really_first.txt",
            "id": "tf-demo-march-3-2023/really_first.txt",
            "overwrite_on_create": false,
            "repository": "tf-demo-march-3-2023",
            "sha": "83057634d048aabf1adedbaaa0b169fb1d538ea0"
          },
          "sensitive_attributes": [],
          "private": "bnVsbA==",
          "dependencies": [
            "github_repository.demo",
            "local_file.first"
          ]
        }
      ]
    },
    {
      "mode": "managed",
      "type": "github_repository_file",
      "name": "first_txt",
      "provider": "provider[\"registry.terraform.io/integrations/github\"]",
      "instances": [
        {
          "schema_version": 0,
          "attributes": {
            "branch": "main",
            "commit_author": null,
            "commit_email": null,
            "commit_message": "add resources after part 1",
            "commit_sha": "0c621a916768f77a43f26c808f0842f9d0332c70",
            "content": "this is a file.",
            "file": "first.txt",
            "id": "tf-demo-march-3-2023/first.txt",
            "overwrite_on_create": false,
            "repository": "tf-demo-march-3-2023",
            "sha": "83057634d048aabf1adedbaaa0b169fb1d538ea0"
          },
          "sensitive_attributes": [],
          "private": "eyJzY2hlbWFfdmVyc2lvbiI6IjAifQ==",
          "dependencies": [
            "data.github_repository_file.foo",
            "github_repository.demo"
          ]
        }
      ]
    },
    {
      "mode": "managed",
      "type": "github_repository_file",
      "name": "pets",
      "provider": "provider[\"registry.terraform.io/integrations/github\"]",
      "instances": [
        {
          "index_key": 0,
          "schema_version": 0,
          "attributes": {
            "branch": "main",
            "commit_author": null,
            "commit_email": null,
            "commit_message": "Add pet1.txt",
            "commit_sha": "79172d030eb7bcd70b7cbafd908a24764a881c7b",
            "content": "comic-cheetah",
            "file": "pet1.txt",
            "id": "tf-demo-march-3-2023/pet1.txt",
            "overwrite_on_create": false,
            "repository": "tf-demo-march-3-2023",
            "sha": "32fc30de9ebfbfb02b44f7d1f5a815701dafb3c3"
          },
          "sensitive_attributes": [],
          "private": "bnVsbA==",
          "dependencies": [
            "github_repository.demo",
            "random_pet.pets"
          ]
        },
        {
          "index_key": 1,
          "schema_version": 0,
          "attributes": {
            "branch": "main",
            "commit_author": null,
            "commit_email": null,
            "commit_message": "Add pet2.txt",
            "commit_sha": "6852bc643f54bfa3e6f8297fd4607c2d34f734e4",
            "content": "cunning-whale",
            "file": "pet2.txt",
            "id": "tf-demo-march-3-2023/pet2.txt",
            "overwrite_on_create": false,
            "repository": "tf-demo-march-3-2023",
            "sha": "3f564c1701bd6eabf3b2de6600fbd7c8cfc901af"
          },
          "sensitive_attributes": [],
          "private": "bnVsbA==",
          "dependencies": [
            "github_repository.demo",
            "random_pet.pets"
          ]
        }
      ]
    },
    {
      "mode": "managed",
      "type": "github_repository_file",
      "name": "pets_map",
      "provider": "provider[\"registry.terraform.io/integrations/github\"]",
      "instances": [
        {
          "index_key": "comic-cheetah",
          "schema_version": 0,
          "attributes": {
            "branch": "main",
            "commit_author": null,
            "commit_email": null,
            "commit_message": "Add comic-cheetah.txt",
            "commit_sha": "dd7874b72b2eb1b9c9acc902d578893c441cbd97",
            "content": "comic-cheetah",
            "file": "comic-cheetah.txt",
            "id": "tf-demo-march-3-2023/comic-cheetah.txt",
            "overwrite_on_create": false,
            "repository": "tf-demo-march-3-2023",
            "sha": "32fc30de9ebfbfb02b44f7d1f5a815701dafb3c3"
          },
          "sensitive_attributes": [],
          "private": "bnVsbA==",
          "dependencies": [
            "github_repository.demo",
            "random_pet.pets"
          ]
        },
        {
          "index_key": "cunning-whale",
          "schema_version": 0,
          "attributes": {
            "branch": "main",
            "commit_author": null,
            "commit_email": null,
            "commit_message": "Add cunning-whale.txt",
            "commit_sha": "b58a041351e0dd135f41df939826a22a115cd9c2",
            "content": "cunning-whale",
            "file": "cunning-whale.txt",
            "id": "tf-demo-march-3-2023/cunning-whale.txt",
            "overwrite_on_create": false,
            "repository": "tf-demo-march-3-2023",
            "sha": "3f564c1701bd6eabf3b2de6600fbd7c8cfc901af"
          },
          "sensitive_attributes": [],
          "private": "bnVsbA==",
          "dependencies": [
            "github_repository.demo",
            "random_pet.pets"
          ]
        }
      ]
    },
    {
      "mode": "managed",
      "type": "local_file",
      "name": "first",
      "provider": "provider[\"registry.terraform.io/hashicorp/local\"]",
      "instances": [
        {
          "schema_version": 0,
          "attributes": {
            "content": "this is a file.",
            "content_base64": null,
            "directory_permission": "0777",
            "file_permission": "0777",
            "filename": "really_first.txt",
            "id": "c1e447510bac69b3523326306830dbdf8714d0e1",
            "sensitive_content": null,
            "source": null
          },
          "sensitive_attributes": []
        }
      ]
    },
    {
      "mode": "managed",
      "type": "local_file",
      "name": "second",
      "provider": "provider[\"registry.terraform.io/hashicorp/local\"]",
      "instances": [
        {
          "schema_version": 0,
          "attributes": {
            "content": "really_first.txt",
            "content_base64": null,
            "directory_permission": "0777",
            "file_permission": "0777",
            "filename": "second.txt",
            "id": "167b388443065e147768f0305e06ea62f30e0eae",
            "sensitive_content": null,
            "source": null
          },
          "sensitive_attributes": [],
          "dependencies": [
            "local_file.first"
          ]
        }
      ]
    },
    {
      "mode": "managed",
      "type": "random_pet",
      "name": "pets",
      "provider": "provider[\"registry.terraform.io/hashicorp/random\"]",
      "instances": [
        {
          "index_key": 0,
          "schema_version": 0,
          "attributes": {
            "id": "comic-cheetah",
            "keepers": null,
            "length": 2,
            "prefix": null,
            "separator": "-"
          },
          "sensitive_attributes": []
        },
        {
          "index_key": 1,
          "schema_version": 0,
          "attributes": {
            "id": "cunning-whale",
            "keepers": null,
            "length": 2,
            "prefix": null,
            "separator": "-"
          },
          "sensitive_attributes": []
        }
      ]
    },
    {
      "module": "module.more_pet_names1",
      "mode": "managed",
      "type": "github_repository_file",
      "name": "pets",
      "provider": "provider[\"registry.terraform.io/integrations/github\"]",
      "instances": [
        {
          "index_key": 0,
          "schema_version": 0,
          "attributes": {
            "branch": "main",
            "commit_author": null,
            "commit_email": null,
            "commit_message": "Add iA_pet1.txt",
            "commit_sha": "a2dff8545f1345a3289054e8a757a4ff316f9ea2",
            "content": "immense-gull",
            "file": "iA_pet1.txt",
            "id": "tf-demo-march-3-2023/iA_pet1.txt",
            "overwrite_on_create": false,
            "repository": "tf-demo-march-3-2023",
            "sha": "2e746e906fabb51a1320334858c0b708dc9846a4"
          },
          "sensitive_attributes": [],
          "private": "bnVsbA==",
          "dependencies": [
            "github_repository.demo",
            "module.more_pet_names1.random_id.module",
            "module.more_pet_names1.random_pet.pets"
          ]
        },
        {
          "index_key": 1,
          "schema_version": 0,
          "attributes": {
            "branch": "main",
            "commit_author": null,
            "commit_email": null,
            "commit_message": "Add iA_pet2.txt",
            "commit_sha": "a2143880cf5ffe0aa80f3f04e3579d57ece39593",
            "content": "able-mammoth",
            "file": "iA_pet2.txt",
            "id": "tf-demo-march-3-2023/iA_pet2.txt",
            "overwrite_on_create": false,
            "repository": "tf-demo-march-3-2023",
            "sha": "09d524fcb6d1e631a290f5736464861129aa34f5"
          },
          "sensitive_attributes": [],
          "private": "bnVsbA==",
          "dependencies": [
            "github_repository.demo",
            "module.more_pet_names1.random_id.module",
            "module.more_pet_names1.random_pet.pets"
          ]
        }
      ]
    },
    {
      "module": "module.more_pet_names1",
      "mode": "managed",
      "type": "random_id",
      "name": "module",
      "provider": "provider[\"registry.terraform.io/hashicorp/random\"]",
      "instances": [
        {
          "schema_version": 0,
          "attributes": {
            "b64_std": "iA==",
            "b64_url": "iA",
            "byte_length": 1,
            "dec": "136",
            "hex": "88",
            "id": "iA",
            "keepers": null,
            "prefix": null
          },
          "sensitive_attributes": []
        }
      ]
    },
    {
      "module": "module.more_pet_names1",
      "mode": "managed",
      "type": "random_pet",
      "name": "pets",
      "provider": "provider[\"registry.terraform.io/hashicorp/random\"]",
      "instances": [
        {
          "index_key": 0,
          "schema_version": 0,
          "attributes": {
            "id": "immense-gull",
            "keepers": null,
            "length": 2,
            "prefix": null,
            "separator": "-"
          },
          "sensitive_attributes": []
        },
        {
          "index_key": 1,
          "schema_version": 0,
          "attributes": {
            "id": "able-mammoth",
            "keepers": null,
            "length": 2,
            "prefix": null,
            "separator": "-"
          },
          "sensitive_attributes": []
        }
      ]
    },
    {
      "module": "module.pet_names_count[0]",
      "mode": "managed",
      "type": "random_id",
      "name": "module",
      "provider": "provider[\"registry.terraform.io/hashicorp/random\"]",
      "instances": [
        {
          "schema_version": 0,
          "attributes": {
            "b64_std": "Lw==",
            "b64_url": "Lw",
            "byte_length": 1,
            "dec": "47",
            "hex": "2f",
            "id": "Lw",
            "keepers": null,
            "prefix": null
          },
          "sensitive_attributes": []
        }
      ]
    },
    {
      "module": "module.pet_names_count[1]",
      "mode": "managed",
      "type": "github_repository_file",
      "name": "pets",
      "provider": "provider[\"registry.terraform.io/integrations/github\"]",
      "instances": [
        {
          "index_key": 0,
          "schema_version": 0,
          "attributes": {
            "branch": "main",
            "commit_author": null,
            "commit_email": null,
            "commit_message": "Add dg_pet1.txt",
            "commit_sha": "6b9c5b15345b62482b0f6c00916aa1a7079ee41c",
            "content": "eternal-oriole",
            "file": "dg_pet1.txt",
            "id": "tf-demo-march-3-2023/dg_pet1.txt",
            "overwrite_on_create": false,
            "repository": "tf-demo-march-3-2023",
            "sha": "1f58002a5a5e3bd23f0af429139ebb4b17a316ed"
          },
          "sensitive_attributes": [],
          "private": "bnVsbA==",
          "dependencies": [
            "github_repository.demo",
            "module.pet_names_count.random_id.module",
            "module.pet_names_count.random_pet.pets"
          ]
        }
      ]
    },
    {
      "module": "module.pet_names_count[1]",
      "mode": "managed",
      "type": "random_id",
      "name": "module",
      "provider": "provider[\"registry.terraform.io/hashicorp/random\"]",
      "instances": [
        {
          "schema_version": 0,
          "attributes": {
            "b64_std": "dg==",
            "b64_url": "dg",
            "byte_length": 1,
            "dec": "118",
            "hex": "76",
            "id": "dg",
            "keepers": null,
            "prefix": null
          },
          "sensitive_attributes": []
        }
      ]
    },
    {
      "module": "module.pet_names_count[1]",
      "mode": "managed",
      "type": "random_pet",
      "name": "pets",
      "provider": "provider[\"registry.terraform.io/hashicorp/random\"]",
      "instances": [
        {
          "index_key": 0,
          "schema_version": 0,
          "attributes": {
            "id": "eternal-oriole",
            "keepers": null,
            "length": 2,
            "prefix": null,
            "separator": "-"
          },
          "sensitive_attributes": []
        }
      ]
    },
    {
      "module": "module.pet_names_count[2]",
      "mode": "managed",
      "type": "github_repository_file",
      "name": "pets",
      "provider": "provider[\"registry.terraform.io/integrations/github\"]",
      "instances": [
        {
          "index_key": 0,
          "schema_version": 0,
          "attributes": {
            "branch": "main",
            "commit_author": null,
            "commit_email": null,
            "commit_message": "Add Rw_pet1.txt",
            "commit_sha": "e10b2f4d253db5237e78c76eeb86abda4d9d5bb3",
            "content": "kind-burro",
            "file": "Rw_pet1.txt",
            "id": "tf-demo-march-3-2023/Rw_pet1.txt",
            "overwrite_on_create": false,
            "repository": "tf-demo-march-3-2023",
            "sha": "2a7a61f7771a1fa58d9b82079b536d796effee11"
          },
          "sensitive_attributes": [],
          "private": "bnVsbA==",
          "dependencies": [
            "github_repository.demo",
            "module.pet_names_count.random_id.module",
            "module.pet_names_count.random_pet.pets"
          ]
        },
        {
          "index_key": 1,
          "schema_version": 0,
          "attributes": {
            "branch": "main",
            "commit_author": null,
            "commit_email": null,
            "commit_message": "Add Rw_pet2.txt",
            "commit_sha": "a39242a52c1011a428a64023df8b28ad91d50c0a",
            "content": "clever-orca",
            "file": "Rw_pet2.txt",
            "id": "tf-demo-march-3-2023/Rw_pet2.txt",
            "overwrite_on_create": false,
            "repository": "tf-demo-march-3-2023",
            "sha": "133d171c39b37be8dc194086c0b7d8d5db099cb1"
          },
          "sensitive_attributes": [],
          "private": "bnVsbA==",
          "dependencies": [
            "github_repository.demo",
            "module.pet_names_count.random_id.module",
            "module.pet_names_count.random_pet.pets"
          ]
        },
        {
          "index_key": 2,
          "schema_version": 0,
          "attributes": {
            "branch": "main",
            "commit_author": null,
            "commit_email": null,
            "commit_message": "Add Rw_pet3.txt",
            "commit_sha": "975c78ce948053ea441f2231b8c4e26f78abe3a6",
            "content": "present-turkey",
            "file": "Rw_pet3.txt",
            "id": "tf-demo-march-3-2023/Rw_pet3.txt",
            "overwrite_on_create": false,
            "repository": "tf-demo-march-3-2023",
            "sha": "4aa897668cadbed566fd7376ca3d2373b8c96ed4"
          },
          "sensitive_attributes": [],
          "private": "bnVsbA==",
          "dependencies": [
            "github_repository.demo",
            "module.pet_names_count.random_id.module",
            "module.pet_names_count.random_pet.pets"
          ]
        },
        {
          "index_key": 3,
          "schema_version": 0,
          "attributes": {
            "branch": "main",
            "commit_author": null,
            "commit_email": null,
            "commit_message": "Add Rw_pet4.txt",
            "commit_sha": "6892fdd03323ee877734e905be8e6d9c8230935e",
            "content": "ideal-tiger",
            "file": "Rw_pet4.txt",
            "id": "tf-demo-march-3-2023/Rw_pet4.txt",
            "overwrite_on_create": false,
            "repository": "tf-demo-march-3-2023",
            "sha": "c7a0cc6b9872f815a2c4f8365e082241d04c8abf"
          },
          "sensitive_attributes": [],
          "private": "bnVsbA==",
          "dependencies": [
            "github_repository.demo",
            "module.pet_names_count.random_id.module",
            "module.pet_names_count.random_pet.pets"
          ]
        },
        {
          "index_key": 4,
          "schema_version": 0,
          "attributes": {
            "branch": "main",
            "commit_author": null,
            "commit_email": null,
            "commit_message": "Add Rw_pet5.txt",
            "commit_sha": "8cec147e5ce301ba79866a05416dcc07ae063e0d",
            "content": "poetic-snipe",
            "file": "Rw_pet5.txt",
            "id": "tf-demo-march-3-2023/Rw_pet5.txt",
            "overwrite_on_create": false,
            "repository": "tf-demo-march-3-2023",
            "sha": "88b6faecda58b66c56ea4346b931faf98632687e"
          },
          "sensitive_attributes": [],
          "private": "bnVsbA==",
          "dependencies": [
            "github_repository.demo",
            "module.pet_names_count.random_id.module",
            "module.pet_names_count.random_pet.pets"
          ]
        },
        {
          "index_key": 5,
          "schema_version": 0,
          "attributes": {
            "branch": "main",
            "commit_author": null,
            "commit_email": null,
            "commit_message": "Add Rw_pet6.txt",
            "commit_sha": "a203874e29bfbf9ee6bad3e8242e900c8e396eae",
            "content": "harmless-parrot",
            "file": "Rw_pet6.txt",
            "id": "tf-demo-march-3-2023/Rw_pet6.txt",
            "overwrite_on_create": false,
            "repository": "tf-demo-march-3-2023",
            "sha": "45488f60d8d2e85919083982bc69a7ae7ec8580c"
          },
          "sensitive_attributes": [],
          "private": "bnVsbA==",
          "dependencies": [
            "github_repository.demo",
            "module.pet_names_count.random_id.module",
            "module.pet_names_count.random_pet.pets"
          ]
        }
      ]
    },
    {
      "module": "module.pet_names_count[2]",
      "mode": "managed",
      "type": "random_id",
      "name": "module",
      "provider": "provider[\"registry.terraform.io/hashicorp/random\"]",
      "instances": [
        {
          "schema_version": 0,
          "attributes": {
            "b64_std": "Rw==",
            "b64_url": "Rw",
            "byte_length": 1,
            "dec": "71",
            "hex": "47",
            "id": "Rw",
            "keepers": null,
            "prefix": null
          },
          "sensitive_attributes": []
        }
      ]
    },
    {
      "module": "module.pet_names_count[2]",
      "mode": "managed",
      "type": "random_pet",
      "name": "pets",
      "provider": "provider[\"registry.terraform.io/hashicorp/random\"]",
      "instances": [
        {
          "index_key": 0,
          "schema_version": 0,
          "attributes": {
            "id": "kind-burro",
            "keepers": null,
            "length": 2,
            "prefix": null,
            "separator": "-"
          },
          "sensitive_attributes": []
        },
        {
          "index_key": 1,
          "schema_version": 0,
          "attributes": {
            "id": "clever-orca",
            "keepers": null,
            "length": 2,
            "prefix": null,
            "separator": "-"
          },
          "sensitive_attributes": []
        },
        {
          "index_key": 2,
          "schema_version": 0,
          "attributes": {
            "id": "present-turkey",
            "keepers": null,
            "length": 2,
            "prefix": null,
            "separator": "-"
          },
          "sensitive_attributes": []
        },
        {
          "index_key": 3,
          "schema_version": 0,
          "attributes": {
            "id": "ideal-tiger",
            "keepers": null,
            "length": 2,
            "prefix": null,
            "separator": "-"
          },
          "sensitive_attributes": []
        },
        {
          "index_key": 4,
          "schema_version": 0,
          "attributes": {
            "id": "poetic-snipe",
            "keepers": null,
            "length": 2,
            "prefix": null,
            "separator": "-"
          },
          "sensitive_attributes": []
        },
        {
          "index_key": 5,
          "schema_version": 0,
          "attributes": {
            "id": "harmless-parrot",
            "keepers": null,
            "length": 2,
            "prefix": null,
            "separator": "-"
          },
          "sensitive_attributes": []
        }
      ]
    },
    {
      "module": "module.pet_names_count[3]",
      "mode": "managed",
      "type": "github_repository_file",
      "name": "pets",
      "provider": "provider[\"registry.terraform.io/integrations/github\"]",
      "instances": [
        {
          "index_key": 0,
          "schema_version": 0,
          "attributes": {
            "branch": "main",
            "commit_author": null,
            "commit_email": null,
            "commit_message": "Add ow_pet1.txt",
            "commit_sha": "41ead10761cf6a913ce0f8bfecaf2094a3dc6742",
            "content": "fine-dolphin",
            "file": "ow_pet1.txt",
            "id": "tf-demo-march-3-2023/ow_pet1.txt",
            "overwrite_on_create": false,
            "repository": "tf-demo-march-3-2023",
            "sha": "80a1a6184c5175055ca8adb10e4e06506ffd5936"
          },
          "sensitive_attributes": [],
          "private": "bnVsbA==",
          "dependencies": [
            "github_repository.demo",
            "module.pet_names_count.random_id.module",
            "module.pet_names_count.random_pet.pets"
          ]
        },
        {
          "index_key": 1,
          "schema_version": 0,
          "attributes": {
            "branch": "main",
            "commit_author": null,
            "commit_email": null,
            "commit_message": "Add ow_pet2.txt",
            "commit_sha": "2e9ef4d20fc101d3adcf8c302a10217dc5cba473",
            "content": "welcomed-doe",
            "file": "ow_pet2.txt",
            "id": "tf-demo-march-3-2023/ow_pet2.txt",
            "overwrite_on_create": false,
            "repository": "tf-demo-march-3-2023",
            "sha": "798616f100b8d3b48f9c77ef253ae499daa2f052"
          },
          "sensitive_attributes": [],
          "private": "bnVsbA==",
          "dependencies": [
            "github_repository.demo",
            "module.pet_names_count.random_id.module",
            "module.pet_names_count.random_pet.pets"
          ]
        },
        {
          "index_key": 2,
          "schema_version": 0,
          "attributes": {
            "branch": "main",
            "commit_author": null,
            "commit_email": null,
            "commit_message": "Add ow_pet3.txt",
            "commit_sha": "02f55395091e91e0dcaf41ee72f9d9cf6a085e33",
            "content": "creative-wildcat",
            "file": "ow_pet3.txt",
            "id": "tf-demo-march-3-2023/ow_pet3.txt",
            "overwrite_on_create": false,
            "repository": "tf-demo-march-3-2023",
            "sha": "e2945daf9bd44722952b6ba482c56ba62ada5ac7"
          },
          "sensitive_attributes": [],
          "private": "bnVsbA==",
          "dependencies": [
            "github_repository.demo",
            "module.pet_names_count.random_id.module",
            "module.pet_names_count.random_pet.pets"
          ]
        }
      ]
    },
    {
      "module": "module.pet_names_count[3]",
      "mode": "managed",
      "type": "random_id",
      "name": "module",
      "provider": "provider[\"registry.terraform.io/hashicorp/random\"]",
      "instances": [
        {
          "schema_version": 0,
          "attributes": {
            "b64_std": "ow==",
            "b64_url": "ow",
            "byte_length": 1,
            "dec": "163",
            "hex": "a3",
            "id": "ow",
            "keepers": null,
            "prefix": null
          },
          "sensitive_attributes": []
        }
      ]
    },
    {
      "module": "module.pet_names_count[3]",
      "mode": "managed",
      "type": "random_pet",
      "name": "pets",
      "provider": "provider[\"registry.terraform.io/hashicorp/random\"]",
      "instances": [
        {
          "index_key": 0,
          "schema_version": 0,
          "attributes": {
            "id": "fine-dolphin",
            "keepers": null,
            "length": 2,
            "prefix": null,
            "separator": "-"
          },
          "sensitive_attributes": []
        },
        {
          "index_key": 1,
          "schema_version": 0,
          "attributes": {
            "id": "welcomed-doe",
            "keepers": null,
            "length": 2,
            "prefix": null,
            "separator": "-"
          },
          "sensitive_attributes": []
        },
        {
          "index_key": 2,
          "schema_version": 0,
          "attributes": {
            "id": "creative-wildcat",
            "keepers": null,
            "length": 2,
            "prefix": null,
            "separator": "-"
          },
          "sensitive_attributes": []
        }
      ]
    }
  ],
  "check_results": null
}
