{
  "version": 4,
  "terraform_version": "1.3.9",
  "serial": 16,
  "lineage": "744ee1d2-e6e6-2ea1-6f13-51bbf2579b81",
  "outputs": {},
  "resources": [
    {
      "mode": "managed",
      "type": "github_repository",
      "name": "demo",
      "provider": "provider[\"registry.terraform.io/integrations/github\"]",
      "instances": [
        {
          "schema_version": 1,
          "attributes": {
            "allow_auto_merge": false,
            "allow_merge_commit": true,
            "allow_rebase_merge": true,
            "allow_squash_merge": true,
            "allow_update_branch": false,
            "archive_on_destroy": null,
            "archived": false,
            "auto_init": null,
            "default_branch": "main",
            "delete_branch_on_merge": false,
            "description": "isn't this cool.",
            "etag": "W/\"48ad569b2a2fbabf49510a773daba2d91cf8b79dd5cd4077cdfc43e3db56e578\"",
            "full_name": "hopkinsth/tf-demo-march-3-2023",
            "git_clone_url": "git://github.com/hopkinsth/tf-demo-march-3-2023.git",
            "gitignore_template": null,
            "has_discussions": false,
            "has_downloads": false,
            "has_issues": false,
            "has_projects": false,
            "has_wiki": false,
            "homepage_url": "",
            "html_url": "https://github.com/hopkinsth/tf-demo-march-3-2023",
            "http_clone_url": "https://github.com/hopkinsth/tf-demo-march-3-2023.git",
            "id": "tf-demo-march-3-2023",
            "ignore_vulnerability_alerts_during_read": null,
            "is_template": false,
            "license_template": null,
            "merge_commit_message": "PR_TITLE",
            "merge_commit_title": "MERGE_MESSAGE",
            "name": "tf-demo-march-3-2023",
            "node_id": "R_kgDOJFC-_Q",
            "pages": [],
            "private": false,
            "repo_id": 609271549,
            "security_and_analysis": [
              {
                "advanced_security": [],
                "secret_scanning": [
                  {
                    "status": "disabled"
                  }
                ],
                "secret_scanning_push_protection": [
                  {
                    "status": "disabled"
                  }
                ]
              }
            ],
            "squash_merge_commit_message": "COMMIT_MESSAGES",
            "squash_merge_commit_title": "COMMIT_OR_PR_TITLE",
            "ssh_clone_url": "git@github.com:hopkinsth/tf-demo-march-3-2023.git",
            "svn_url": "https://github.com/hopkinsth/tf-demo-march-3-2023",
            "template": [],
            "topics": null,
            "visibility": "public",
            "vulnerability_alerts": false
          },
          "sensitive_attributes": [],
          "private": "eyJzY2hlbWFfdmVyc2lvbiI6IjEifQ=="
        }
      ]
    },
    {
      "mode": "managed",
      "type": "local_file",
      "name": "first",
      "provider": "provider[\"registry.terraform.io/hashicorp/local\"]",
      "instances": [
        {
          "schema_version": 0,
          "attributes": {
            "content": "this is a file.",
            "content_base64": null,
            "directory_permission": "0777",
            "file_permission": "0777",
            "filename": "first.txt",
            "id": "c1e447510bac69b3523326306830dbdf8714d0e1",
            "sensitive_content": null,
            "source": null
          },
          "sensitive_attributes": []
        }
      ]
    },
    {
      "mode": "managed",
      "type": "local_file",
      "name": "second",
      "provider": "provider[\"registry.terraform.io/hashicorp/local\"]",
      "instances": [
        {
          "schema_version": 0,
          "attributes": {
            "content": "first.txt",
            "content_base64": null,
            "directory_permission": "0777",
            "file_permission": "0777",
            "filename": "first_id.txt",
            "id": "0bedc6131b7dc499f97038dcde23916eba0ccf84",
            "sensitive_content": null,
            "source": null
          },
          "sensitive_attributes": [],
          "dependencies": [
            "local_file.first"
          ]
        }
      ]
    }
  ],
  "check_results": null
}
